
Microsoft Visual Studio Solution File, Format Version 12.00
# Visual Studio Version 17
VisualStudioVersion = 17.14.36203.30 d17.14
MinimumVisualStudioVersion = 10.0.40219.1
Project("{FAE04EC0-301F-11D3-BF4B-00C04F79EFBC}") = "Laverna", "Laverna\Laverna.csproj", "{C637DBE7-3D17-4601-A5CF-0C9693AE71BD}"
EndProject
Global
	GlobalSection(SolutionConfigurationPlatforms) = preSolution
		Debug|Any CPU = Debug|Any CPU
		Release|Any CPU = Release|Any CPU
	EndGlobalSection
	GlobalSection(ProjectConfigurationPlatforms) = postSolution
		{C637DBE7-3D17-4601-A5CF-0C9693AE71BD}.Debug|Any CPU.ActiveCfg = Debug|Any CPU
		{C637DBE7-3D17-4601-A5CF-0C9693AE71BD}.Debug|Any CPU.Build.0 = Debug|Any CPU
		{C637DBE7-3D17-4601-A5CF-0C9693AE71BD}.Release|Any CPU.ActiveCfg = Release|Any CPU
		{C637DBE7-3D17-4601-A5CF-0C9693AE71BD}.Release|Any CPU.Build.0 = Release|Any CPU
	EndGlobalSection
	GlobalSection(SolutionProperties) = preSolution
		HideSolutionNode = FALSE
	EndGlobalSection
	GlobalSection(ExtensibilityGlobals) = postSolution
		SolutionGuid = {FD01FAA9-D9C1-4D38-8D1D-7C7E6C48A843}
	EndGlobalSection
EndGlobal
